
Microsoft Visual Studio Solution File, Format Version 12.00
# Visual Studio Express 2013 for Web
VisualStudioVersion = 12.0.31101.0
MinimumVisualStudioVersion = 10.0.40219.1
Project("{FAE04EC0-301F-11D3-BF4B-00C04F79EFBC}") = "WXSolution", "WXSolution\WXSolution.csproj", "{DDB17460-AE98-4F62-83E8-E77D64E4DD2E}"
	ProjectSection(ProjectDependencies) = postProject
		{591C154E-4195-44FD-833C-64499DF78F2E} = {591C154E-4195-44FD-833C-64499DF78F2E}
	EndProjectSection
EndProject
Project("{FAE04EC0-301F-11D3-BF4B-00C04F79EFBC}") = "WXService", "WXService\WXService.csproj", "{591C154E-4195-44FD-833C-64499DF78F2E}"
EndProject
Global
	GlobalSection(SolutionConfigurationPlatforms) = preSolution
		Debug|Any CPU = Debug|Any CPU
		Release|Any CPU = Release|Any CPU
	EndGlobalSection
	GlobalSection(ProjectConfigurationPlatforms) = postSolution
		{DDB17460-AE98-4F62-83E8-E77D64E4DD2E}.Debug|Any CPU.ActiveCfg = Debug|Any CPU
		{DDB17460-AE98-4F62-83E8-E77D64E4DD2E}.Debug|Any CPU.Build.0 = Debug|Any CPU
		{DDB17460-AE98-4F62-83E8-E77D64E4DD2E}.Release|Any CPU.ActiveCfg = Release|Any CPU
		{DDB17460-AE98-4F62-83E8-E77D64E4DD2E}.Release|Any CPU.Build.0 = Release|Any CPU
		{591C154E-4195-44FD-833C-64499DF78F2E}.Debug|Any CPU.ActiveCfg = Debug|Any CPU
		{591C154E-4195-44FD-833C-64499DF78F2E}.Debug|Any CPU.Build.0 = Debug|Any CPU
		{591C154E-4195-44FD-833C-64499DF78F2E}.Release|Any CPU.ActiveCfg = Release|Any CPU
		{591C154E-4195-44FD-833C-64499DF78F2E}.Release|Any CPU.Build.0 = Release|Any CPU
	EndGlobalSection
	GlobalSection(SolutionProperties) = preSolution
		HideSolutionNode = FALSE
	EndGlobalSection
EndGlobal
